// !$*UTF8*$!
{
	archiveVersion = 1;
	classes = {
	};
	objectVersion = 46;
	objects = {

/* Begin PBXBuildFile section */
		3D2E2B5A1BA34CC000F12994 /* FizzBuzz.swift in Sources */ = {isa = PBXBuildFile; fileRef = 3D2E2B591BA34CC000F12994 /* FizzBuzz.swift */; settings = {ASSET_TAGS = (); }; };
		3DEA24051B9FE41D00DEF35F /* FizzBuzz.Tests.swift in Sources */ = {isa = PBXBuildFile; fileRef = 3DEA24041B9FE41D00DEF35F /* FizzBuzz.Tests.swift */; };
/* End PBXBuildFile section */

/* Begin PBXFileReference section */
		3D2E2B591BA34CC000F12994 /* FizzBuzz.swift */ = {isa = PBXFileReference; fileEncoding = 4; lastKnownFileType = sourcecode.swift; path = FizzBuzz.swift; sourceTree = "<group>"; };
		3DEA24011B9FE41D00DEF35F /* Kata.xctest */ = {isa = PBXFileReference; explicitFileType = wrapper.cfbundle; includeInIndex = 0; path = Kata.xctest; sourceTree = BUILT_PRODUCTS_DIR; };
		3DEA24041B9FE41D00DEF35F /* FizzBuzz.Tests.swift */ = {isa = PBXFileReference; lastKnownFileType = sourcecode.swift; path = FizzBuzz.Tests.swift; sourceTree = "<group>"; };
		3DEA24061B9FE41D00DEF35F /* Info.plist */ = {isa = PBXFileReference; lastKnownFileType = text.plist.xml; path = Info.plist; sourceTree = "<group>"; };
/* End PBXFileReference section */

/* Begin PBXFrameworksBuildPhase section */
		3DEA23FE1B9FE41D00DEF35F /* Frameworks */ = {
			isa = PBXFrameworksBuildPhase;
			buildActionMask = 2147483647;
			files = (
			);
			runOnlyForDeploymentPostprocessing = 0;
		};
/* End PBXFrameworksBuildPhase section */

/* Begin PBXGroup section */
		3DEA23F61B9FE40300DEF35F = {
			isa = PBXGroup;
			children = (
				3DEA24031B9FE41D00DEF35F /* Kata */,
				3DEA24021B9FE41D00DEF35F /* Products */,
			);
			sourceTree = "<group>";
		};
		3DEA24021B9FE41D00DEF35F /* Products */ = {
			isa = PBXGroup;
			children = (
				3DEA24011B9FE41D00DEF35F /* Kata.xctest */,
			);
			name = Products;
			sourceTree = "<group>";
		};
		3DEA24031B9FE41D00DEF35F /* Kata */ = {
			isa = PBXGroup;
			children = (
				3D2E2B591BA34CC000F12994 /* FizzBuzz.swift */,
				3DEA24041B9FE41D00DEF35F /* FizzBuzz.Tests.swift */,
				3DEA24061B9FE41D00DEF35F /* Info.plist */,
			);
			path = Kata;
			sourceTree = "<group>";
		};
/* End PBXGroup section */

/* Begin PBXNativeTarget section */
		3DEA24001B9FE41D00DEF35F /* Kata */ = {
			isa = PBXNativeTarget;
			buildConfigurationList = 3DEA24071B9FE41D00DEF35F /* Build configuration list for PBXNativeTarget "Kata" */;
			buildPhases = (
				3DEA23FD1B9FE41D00DEF35F /* Sources */,
				3DEA23FE1B9FE41D00DEF35F /* Frameworks */,
				3DEA23FF1B9FE41D00DEF35F /* Resources */,
			);
			buildRules = (
			);
			dependencies = (
			);
			name = Kata;
			productName = Kata;
			productReference = 3DEA24011B9FE41D00DEF35F /* Kata.xctest */;
			productType = "com.apple.product-type.bundle.unit-test";
		};
/* End PBXNativeTarget section */

/* Begin PBXProject section */
		3DEA23F71B9FE40300DEF35F /* Project object */ = {
			isa = PBXProject;
			attributes = {
				LastUpgradeCheck = 0700;
				TargetAttributes = {
					3DEA24001B9FE41D00DEF35F = {
						CreatedOnToolsVersion = 7.0;
					};
				};
			};
			buildConfigurationList = 3DEA23FA1B9FE40300DEF35F /* Build configuration list for PBXProject "Kata" */;
			compatibilityVersion = "Xcode 3.2";
			developmentRegion = English;
			hasScannedForEncodings = 0;
			knownRegions = (
				en,
			);
			mainGroup = 3DEA23F61B9FE40300DEF35F;
			productRefGroup = 3DEA24021B9FE41D00DEF35F /* Products */;
			projectDirPath = "";
			projectRoot = "";
			targets = (
				3DEA24001B9FE41D00DEF35F /* Kata */,
			);
		};
/* End PBXProject section */

/* Begin PBXResourcesBuildPhase section */
		3DEA23FF1B9FE41D00DEF35F /* Resources */ = {
			isa = PBXResourcesBuildPhase;
			buildActionMask = 2147483647;
			files = (
			);
			runOnlyForDeploymentPostprocessing = 0;
		};
/* End PBXResourcesBuildPhase section */

/* Begin PBXSourcesBuildPhase section */
		3DEA23FD1B9FE41D00DEF35F /* Sources */ = {
			isa = PBXSourcesBuildPhase;
			buildActionMask = 2147483647;
			files = (
				3DEA24051B9FE41D00DEF35F /* FizzBuzz.Tests.swift in Sources */,
				3D2E2B5A1BA34CC000F12994 /* FizzBuzz.swift in Sources */,
			);
			runOnlyForDeploymentPostprocessing = 0;
		};
/* End PBXSourcesBuildPhase section */

/* Begin XCBuildConfiguration section */
		3DEA23FB1B9FE40300DEF35F /* Debug */ = {
			isa = XCBuildConfiguration;
			buildSettings = {
			};
			name = Debug;
		};
		3DEA23FC1B9FE40300DEF35F /* Release */ = {
			isa = XCBuildConfiguration;
			buildSettings = {
			};
			name = Release;
		};
		3DEA24081B9FE41D00DEF35F /* Debug */ = {
			isa = XCBuildConfiguration;
			buildSettings = {
				ALWAYS_SEARCH_USER_PATHS = NO;
				CLANG_CXX_LANGUAGE_STANDARD = "gnu++0x";
				CLANG_CXX_LIBRARY = "libc++";
				CLANG_ENABLE_MODULES = YES;
				CLANG_ENABLE_OBJC_ARC = YES;
				CLANG_WARN_BOOL_CONVERSION = YES;
				CLANG_WARN_CONSTANT_CONVERSION = YES;
				CLANG_WARN_DIRECT_OBJC_ISA_USAGE = YES_ERROR;
				CLANG_WARN_EMPTY_BODY = YES;
				CLANG_WARN_ENUM_CONVERSION = YES;
				CLANG_WARN_INT_CONVERSION = YES;
				CLANG_WARN_OBJC_ROOT_CLASS = YES_ERROR;
				CLANG_WARN_UNREACHABLE_CODE = YES;
				CLANG_WARN__DUPLICATE_METHOD_MATCH = YES;
				COMBINE_HIDPI_IMAGES = YES;
				COPY_PHASE_STRIP = NO;
				DEBUG_INFORMATION_FORMAT = dwarf;
				ENABLE_STRICT_OBJC_MSGSEND = YES;
				ENABLE_TESTABILITY = YES;
				GCC_C_LANGUAGE_STANDARD = gnu99;
				GCC_DYNAMIC_NO_PIC = NO;
				GCC_NO_COMMON_BLOCKS = YES;
				GCC_OPTIMIZATION_LEVEL = 0;
				GCC_PREPROCESSOR_DEFINITIONS = (
					"DEBUG=1",
					"$(inherited)",
				);
				GCC_WARN_64_TO_32_BIT_CONVERSION = YES;
				GCC_WARN_ABOUT_RETURN_TYPE = YES_ERROR;
				GCC_WARN_UNDECLARED_SELECTOR = YES;
				GCC_WARN_UNINITIALIZED_AUTOS = YES_AGGRESSIVE;
				GCC_WARN_UNUSED_FUNCTION = YES;
				GCC_WARN_UNUSED_VARIABLE = YES;
				INFOPLIST_FILE = Kata/Info.plist;
				LD_RUNPATH_SEARCH_PATHS = "$(inherited) @executable_path/../Frameworks @loader_path/../Frameworks";
				MACOSX_DEPLOYMENT_TARGET = 10.10;
				MTL_ENABLE_DEBUG_INFO = YES;
				ONLY_ACTIVE_ARCH = YES;
				PRODUCT_BUNDLE_IDENTIFIER = infosoft.de.Kata;
				PRODUCT_NAME = "$(TARGET_NAME)";
				SDKROOT = macosx;
				SWIFT_OPTIMIZATION_LEVEL = "-Onone";
			};
			name = Debug;
		};
		3DEA24091B9FE41D00DEF35F /* Release */ = {
			isa = XCBuildConfiguration;
			buildSettings = {
				ALWAYS_SEARCH_USER_PATHS = NO;
				CLANG_CXX_LANGUAGE_STANDARD = "gnu++0x";
				CLANG_CXX_LIBRARY = "libc++";
				CLANG_ENABLE_MODULES = YES;
				CLANG_ENABLE_OBJC_ARC = YES;
				CLANG_WARN_BOOL_CONVERSION = YES;
				CLANG_WARN_CONSTANT_CONVERSION = YES;
				CLANG_WARN_DIRECT_OBJC_ISA_USAGE = YES_ERROR;
				CLANG_WARN_EMPTY_BODY = YES;
				CLANG_WARN_ENUM_CONVERSION = YES;
				CLANG_WARN_INT_CONVERSION = YES;
				CLANG_WARN_OBJC_ROOT_CLASS = YES_ERROR;
				CLANG_WARN_UNREACHABLE_CODE = YES;
				CLANG_WARN__DUPLICATE_METHOD_MATCH = YES;
				COMBINE_HIDPI_IMAGES = YES;
				COPY_PHASE_STRIP = NO;
				DEBUG_INFORMATION_FORMAT = "dwarf-with-dsym";
				ENABLE_NS_ASSERTIONS = NO;
				ENABLE_STRICT_OBJC_MSGSEND = YES;
				GCC_C_LANGUAGE_STANDARD = gnu99;
				GCC_NO_COMMON_BLOCKS = YES;
				GCC_WARN_64_TO_32_BIT_CONVERSION = YES;
				GCC_WARN_ABOUT_RETURN_TYPE = YES_ERROR;
				GCC_WARN_UNDECLARED_SELECTOR = YES;
				GCC_WARN_UNINITIALIZED_AUTOS = YES_AGGRESSIVE;
				GCC_WARN_UNUSED_FUNCTION = YES;
				GCC_WARN_UNUSED_VARIABLE = YES;
				INFOPLIST_FILE = Kata/Info.plist;
				LD_RUNPATH_SEARCH_PATHS = "$(inherited) @executable_path/../Frameworks @loader_path/../Frameworks";
				MACOSX_DEPLOYMENT_TARGET = 10.10;
				MTL_ENABLE_DEBUG_INFO = NO;
				PRODUCT_BUNDLE_IDENTIFIER = infosoft.de.Kata;
				PRODUCT_NAME = "$(TARGET_NAME)";
				SDKROOT = macosx;
			};
			name = Release;
		};
/* End XCBuildConfiguration section */

/* Begin XCConfigurationList section */
		3DEA23FA1B9FE40300DEF35F /* Build configuration list for PBXProject "Kata" */ = {
			isa = XCConfigurationList;
			buildConfigurations = (
				3DEA23FB1B9FE40300DEF35F /* Debug */,
				3DEA23FC1B9FE40300DEF35F /* Release */,
			);
			defaultConfigurationIsVisible = 0;
			defaultConfigurationName = Release;
		};
		3DEA24071B9FE41D00DEF35F /* Build configuration list for PBXNativeTarget "Kata" */ = {
			isa = XCConfigurationList;
			buildConfigurations = (
				3DEA24081B9FE41D00DEF35F /* Debug */,
				3DEA24091B9FE41D00DEF35F /* Release */,
			);
			defaultConfigurationIsVisible = 0;
			defaultConfigurationName = Release;
		};
/* End XCConfigurationList section */
	};
	rootObject = 3DEA23F71B9FE40300DEF35F /* Project object */;
}
