
Microsoft Visual Studio Solution File, Format Version 12.00
# Visual Studio 2012
Project("{E24C65DC-7377-472B-9ABA-BC803B73C61A}") = "Kata.GameOfLife.JavaScript", "..\..\..\..\DropBox\Develop\Katas\Katas\Kata.GameOfLife.JavaScript\", "{7A501960-DDE0-45F9-AA94-FC9EB2B0FE5F}"
	ProjectSection(WebsiteProperties) = preProject
		TargetFrameworkMoniker = ".NETFramework,Version%3Dv4.0"
		Debug.AspNetCompiler.VirtualPath = "/Kata.GameOfLife.JavaScript"
		Debug.AspNetCompiler.PhysicalPath = "..\..\..\..\DropBox\Develop\Katas\Katas\Kata.GameOfLife.JavaScript\"
		Debug.AspNetCompiler.TargetPath = "PrecompiledWeb\Kata.GameOfLife.JavaScript\"
		Debug.AspNetCompiler.Updateable = "true"
		Debug.AspNetCompiler.ForceOverwrite = "true"
		Debug.AspNetCompiler.FixedNames = "false"
		Debug.AspNetCompiler.Debug = "True"
		Release.AspNetCompiler.VirtualPath = "/Kata.GameOfLife.JavaScript"
		Release.AspNetCompiler.PhysicalPath = "..\..\..\..\DropBox\Develop\Katas\Katas\Kata.GameOfLife.JavaScript\"
		Release.AspNetCompiler.TargetPath = "PrecompiledWeb\Kata.GameOfLife.JavaScript\"
		Release.AspNetCompiler.Updateable = "true"
		Release.AspNetCompiler.ForceOverwrite = "true"
		Release.AspNetCompiler.FixedNames = "false"
		Release.AspNetCompiler.Debug = "False"
		VWDPort = "49416"
	EndProjectSection
EndProject
Global
	GlobalSection(SolutionConfigurationPlatforms) = preSolution
		Debug|Any CPU = Debug|Any CPU
	EndGlobalSection
	GlobalSection(ProjectConfigurationPlatforms) = postSolution
		{7A501960-DDE0-45F9-AA94-FC9EB2B0FE5F}.Debug|Any CPU.ActiveCfg = Debug|Any CPU
		{7A501960-DDE0-45F9-AA94-FC9EB2B0FE5F}.Debug|Any CPU.Build.0 = Debug|Any CPU
	EndGlobalSection
	GlobalSection(SolutionProperties) = preSolution
		HideSolutionNode = FALSE
	EndGlobalSection
EndGlobal
