// !$*UTF8*$!
{
	archiveVersion = 1;
	classes = {
	};
	objectVersion = 46;
	objects = {

/* Begin PBXBuildFile section */
		3D8CCDEC1B2D83B500FD035A /* FizzBuzz.Tests.swift in Sources */ = {isa = PBXBuildFile; fileRef = 3D8CCDEB1B2D83B500FD035A /* FizzBuzz.Tests.swift */; };
/* End PBXBuildFile section */

/* Begin PBXFileReference section */
		3D8CCDE61B2D83B500FD035A /* FizzBuzz.Tests.xctest */ = {isa = PBXFileReference; explicitFileType = wrapper.cfbundle; includeInIndex = 0; path = FizzBuzz.Tests.xctest; sourceTree = BUILT_PRODUCTS_DIR; };
		3D8CCDEA1B2D83B500FD035A /* Info.plist */ = {isa = PBXFileReference; lastKnownFileType = text.plist.xml; path = Info.plist; sourceTree = "<group>"; };
		3D8CCDEB1B2D83B500FD035A /* FizzBuzz.Tests.swift */ = {isa = PBXFileReference; indentWidth = 2; lastKnownFileType = sourcecode.swift; path = FizzBuzz.Tests.swift; sourceTree = "<group>"; tabWidth = 2; };
/* End PBXFileReference section */

/* Begin PBXFrameworksBuildPhase section */
		3D8CCDE31B2D83B500FD035A /* Frameworks */ = {
			isa = PBXFrameworksBuildPhase;
			buildActionMask = 2147483647;
			files = (
			);
			runOnlyForDeploymentPostprocessing = 0;
		};
/* End PBXFrameworksBuildPhase section */

/* Begin PBXGroup section */
		3D8CCDDB1B2D839A00FD035A = {
			isa = PBXGroup;
			children = (
				3D8CCDE81B2D83B500FD035A /* FizzBuzz.Tests */,
				3D8CCDE71B2D83B500FD035A /* Products */,
			);
			sourceTree = "<group>";
		};
		3D8CCDE71B2D83B500FD035A /* Products */ = {
			isa = PBXGroup;
			children = (
				3D8CCDE61B2D83B500FD035A /* FizzBuzz.Tests.xctest */,
			);
			name = Products;
			sourceTree = "<group>";
		};
		3D8CCDE81B2D83B500FD035A /* FizzBuzz.Tests */ = {
			isa = PBXGroup;
			children = (
				3D8CCDEB1B2D83B500FD035A /* FizzBuzz.Tests.swift */,
				3D8CCDE91B2D83B500FD035A /* Supporting Files */,
			);
			path = FizzBuzz.Tests;
			sourceTree = "<group>";
		};
		3D8CCDE91B2D83B500FD035A /* Supporting Files */ = {
			isa = PBXGroup;
			children = (
				3D8CCDEA1B2D83B500FD035A /* Info.plist */,
			);
			name = "Supporting Files";
			sourceTree = "<group>";
		};
/* End PBXGroup section */

/* Begin PBXNativeTarget section */
		3D8CCDE51B2D83B500FD035A /* FizzBuzz.Tests */ = {
			isa = PBXNativeTarget;
			buildConfigurationList = 3D8CCDED1B2D83B500FD035A /* Build configuration list for PBXNativeTarget "FizzBuzz.Tests" */;
			buildPhases = (
				3D8CCDE21B2D83B500FD035A /* Sources */,
				3D8CCDE31B2D83B500FD035A /* Frameworks */,
				3D8CCDE41B2D83B500FD035A /* Resources */,
			);
			buildRules = (
			);
			dependencies = (
			);
			name = FizzBuzz.Tests;
			productName = FizzBuzz.Tests;
			productReference = 3D8CCDE61B2D83B500FD035A /* FizzBuzz.Tests.xctest */;
			productType = "com.apple.product-type.bundle.unit-test";
		};
/* End PBXNativeTarget section */

/* Begin PBXProject section */
		3D8CCDDC1B2D839A00FD035A /* Project object */ = {
			isa = PBXProject;
			attributes = {
				LastUpgradeCheck = 0630;
				TargetAttributes = {
					3D8CCDE51B2D83B500FD035A = {
						CreatedOnToolsVersion = 6.3;
					};
				};
			};
			buildConfigurationList = 3D8CCDDF1B2D839A00FD035A /* Build configuration list for PBXProject "Kata.FizzBuzz.Swift" */;
			compatibilityVersion = "Xcode 3.2";
			developmentRegion = English;
			hasScannedForEncodings = 0;
			knownRegions = (
				en,
			);
			mainGroup = 3D8CCDDB1B2D839A00FD035A;
			productRefGroup = 3D8CCDE71B2D83B500FD035A /* Products */;
			projectDirPath = "";
			projectRoot = "";
			targets = (
				3D8CCDE51B2D83B500FD035A /* FizzBuzz.Tests */,
			);
		};
/* End PBXProject section */

/* Begin PBXResourcesBuildPhase section */
		3D8CCDE41B2D83B500FD035A /* Resources */ = {
			isa = PBXResourcesBuildPhase;
			buildActionMask = 2147483647;
			files = (
			);
			runOnlyForDeploymentPostprocessing = 0;
		};
/* End PBXResourcesBuildPhase section */

/* Begin PBXSourcesBuildPhase section */
		3D8CCDE21B2D83B500FD035A /* Sources */ = {
			isa = PBXSourcesBuildPhase;
			buildActionMask = 2147483647;
			files = (
				3D8CCDEC1B2D83B500FD035A /* FizzBuzz.Tests.swift in Sources */,
			);
			runOnlyForDeploymentPostprocessing = 0;
		};
/* End PBXSourcesBuildPhase section */

/* Begin XCBuildConfiguration section */
		3D8CCDE01B2D839A00FD035A /* Debug */ = {
			isa = XCBuildConfiguration;
			buildSettings = {
			};
			name = Debug;
		};
		3D8CCDE11B2D839A00FD035A /* Release */ = {
			isa = XCBuildConfiguration;
			buildSettings = {
			};
			name = Release;
		};
		3D8CCDEE1B2D83B500FD035A /* Debug */ = {
			isa = XCBuildConfiguration;
			buildSettings = {
				ALWAYS_SEARCH_USER_PATHS = NO;
				CLANG_CXX_LANGUAGE_STANDARD = "gnu++0x";
				CLANG_CXX_LIBRARY = "libc++";
				CLANG_ENABLE_MODULES = YES;
				CLANG_ENABLE_OBJC_ARC = YES;
				CLANG_WARN_BOOL_CONVERSION = YES;
				CLANG_WARN_CONSTANT_CONVERSION = YES;
				CLANG_WARN_DIRECT_OBJC_ISA_USAGE = YES_ERROR;
				CLANG_WARN_EMPTY_BODY = YES;
				CLANG_WARN_ENUM_CONVERSION = YES;
				CLANG_WARN_INT_CONVERSION = YES;
				CLANG_WARN_OBJC_ROOT_CLASS = YES_ERROR;
				CLANG_WARN_UNREACHABLE_CODE = YES;
				CLANG_WARN__DUPLICATE_METHOD_MATCH = YES;
				COMBINE_HIDPI_IMAGES = YES;
				COPY_PHASE_STRIP = NO;
				DEBUG_INFORMATION_FORMAT = dwarf;
				ENABLE_STRICT_OBJC_MSGSEND = YES;
				FRAMEWORK_SEARCH_PATHS = (
					"$(DEVELOPER_FRAMEWORKS_DIR)",
					"$(inherited)",
				);
				GCC_C_LANGUAGE_STANDARD = gnu99;
				GCC_DYNAMIC_NO_PIC = NO;
				GCC_OPTIMIZATION_LEVEL = 0;
				GCC_PREPROCESSOR_DEFINITIONS = (
					"DEBUG=1",
					"$(inherited)",
				);
				GCC_SYMBOLS_PRIVATE_EXTERN = NO;
				GCC_WARN_64_TO_32_BIT_CONVERSION = YES;
				GCC_WARN_ABOUT_RETURN_TYPE = YES_ERROR;
				GCC_WARN_UNDECLARED_SELECTOR = YES;
				GCC_WARN_UNINITIALIZED_AUTOS = YES_AGGRESSIVE;
				GCC_WARN_UNUSED_FUNCTION = YES;
				GCC_WARN_UNUSED_VARIABLE = YES;
				INFOPLIST_FILE = FizzBuzz.Tests/Info.plist;
				LD_RUNPATH_SEARCH_PATHS = "$(inherited) @executable_path/../Frameworks @loader_path/../Frameworks";
				MACOSX_DEPLOYMENT_TARGET = 10.10;
				MTL_ENABLE_DEBUG_INFO = YES;
				ONLY_ACTIVE_ARCH = YES;
				PRODUCT_NAME = "$(TARGET_NAME)";
				SDKROOT = macosx;
				SWIFT_OPTIMIZATION_LEVEL = "-Onone";
			};
			name = Debug;
		};
		3D8CCDEF1B2D83B500FD035A /* Release */ = {
			isa = XCBuildConfiguration;
			buildSettings = {
				ALWAYS_SEARCH_USER_PATHS = NO;
				CLANG_CXX_LANGUAGE_STANDARD = "gnu++0x";
				CLANG_CXX_LIBRARY = "libc++";
				CLANG_ENABLE_MODULES = YES;
				CLANG_ENABLE_OBJC_ARC = YES;
				CLANG_WARN_BOOL_CONVERSION = YES;
				CLANG_WARN_CONSTANT_CONVERSION = YES;
				CLANG_WARN_DIRECT_OBJC_ISA_USAGE = YES_ERROR;
				CLANG_WARN_EMPTY_BODY = YES;
				CLANG_WARN_ENUM_CONVERSION = YES;
				CLANG_WARN_INT_CONVERSION = YES;
				CLANG_WARN_OBJC_ROOT_CLASS = YES_ERROR;
				CLANG_WARN_UNREACHABLE_CODE = YES;
				CLANG_WARN__DUPLICATE_METHOD_MATCH = YES;
				COMBINE_HIDPI_IMAGES = YES;
				COPY_PHASE_STRIP = NO;
				DEBUG_INFORMATION_FORMAT = "dwarf-with-dsym";
				ENABLE_NS_ASSERTIONS = NO;
				ENABLE_STRICT_OBJC_MSGSEND = YES;
				FRAMEWORK_SEARCH_PATHS = (
					"$(DEVELOPER_FRAMEWORKS_DIR)",
					"$(inherited)",
				);
				GCC_C_LANGUAGE_STANDARD = gnu99;
				GCC_WARN_64_TO_32_BIT_CONVERSION = YES;
				GCC_WARN_ABOUT_RETURN_TYPE = YES_ERROR;
				GCC_WARN_UNDECLARED_SELECTOR = YES;
				GCC_WARN_UNINITIALIZED_AUTOS = YES_AGGRESSIVE;
				GCC_WARN_UNUSED_FUNCTION = YES;
				GCC_WARN_UNUSED_VARIABLE = YES;
				INFOPLIST_FILE = FizzBuzz.Tests/Info.plist;
				LD_RUNPATH_SEARCH_PATHS = "$(inherited) @executable_path/../Frameworks @loader_path/../Frameworks";
				MACOSX_DEPLOYMENT_TARGET = 10.10;
				MTL_ENABLE_DEBUG_INFO = NO;
				PRODUCT_NAME = "$(TARGET_NAME)";
				SDKROOT = macosx;
			};
			name = Release;
		};
/* End XCBuildConfiguration section */

/* Begin XCConfigurationList section */
		3D8CCDDF1B2D839A00FD035A /* Build configuration list for PBXProject "Kata.FizzBuzz.Swift" */ = {
			isa = XCConfigurationList;
			buildConfigurations = (
				3D8CCDE01B2D839A00FD035A /* Debug */,
				3D8CCDE11B2D839A00FD035A /* Release */,
			);
			defaultConfigurationIsVisible = 0;
			defaultConfigurationName = Release;
		};
		3D8CCDED1B2D83B500FD035A /* Build configuration list for PBXNativeTarget "FizzBuzz.Tests" */ = {
			isa = XCConfigurationList;
			buildConfigurations = (
				3D8CCDEE1B2D83B500FD035A /* Debug */,
				3D8CCDEF1B2D83B500FD035A /* Release */,
			);
			defaultConfigurationIsVisible = 0;
		};
/* End XCConfigurationList section */
	};
	rootObject = 3D8CCDDC1B2D839A00FD035A /* Project object */;
}
